
Microsoft Visual Studio Solution File, Format Version 12.00
# Visual Studio Version 16
VisualStudioVersion = 16.0.29318.209
MinimumVisualStudioVersion = 10.0.40219.1
Project("{FAE04EC0-301F-11D3-BF4B-00C04F79EFBC}") = "WpfNBA", "WpfNBA\WpfNBA.csproj", "{3E476C23-F289-459C-89B5-55441C22A511}"
EndProject
Global
	GlobalSection(SolutionConfigurationPlatforms) = preSolution
		Debug|Any CPU = Debug|Any CPU
		Release|Any CPU = Release|Any CPU
	EndGlobalSection
	GlobalSection(ProjectConfigurationPlatforms) = postSolution
		{3E476C23-F289-459C-89B5-55441C22A511}.Debug|Any CPU.ActiveCfg = Debug|Any CPU
		{3E476C23-F289-459C-89B5-55441C22A511}.Debug|Any CPU.Build.0 = Debug|Any CPU
		{3E476C23-F289-459C-89B5-55441C22A511}.Release|Any CPU.ActiveCfg = Release|Any CPU
		{3E476C23-F289-459C-89B5-55441C22A511}.Release|Any CPU.Build.0 = Release|Any CPU
	EndGlobalSection
	GlobalSection(SolutionProperties) = preSolution
		HideSolutionNode = FALSE
	EndGlobalSection
	GlobalSection(ExtensibilityGlobals) = postSolution
		SolutionGuid = {73EDB277-C26B-4E49-8CE2-FA8BB7E4D2D4}
	EndGlobalSection
EndGlobal
